
Microsoft Visual Studio Solution File, Format Version 12.00
# Visual Studio Version 17
VisualStudioVersion = 17.1.32328.378
MinimumVisualStudioVersion = 10.0.40219.1
Project("{9A19103F-16F7-4668-BE54-9A1E7A4F7556}") = "ChatBot.Api", "ChatBotApi\ChatBot.Api.csproj", "{D1F67315-CA0F-45F4-B753-976CD54A08A3}"
EndProject
Project("{9A19103F-16F7-4668-BE54-9A1E7A4F7556}") = "ChatBot.Common", "ChatBot.Common\ChatBot.Common.csproj", "{F4BEA5F9-C1B4-41FC-AC08-863EF37BD2F8}"
EndProject
Project("{9A19103F-16F7-4668-BE54-9A1E7A4F7556}") = "ChatBot.Data", "ChatBot.Data\ChatBot.Data.csproj", "{34A4C8CB-32C5-43CF-A67B-EC9E603CA30C}"
EndProject
Project("{FAE04EC0-301F-11D3-BF4B-00C04F79EFBC}") = "ChatBot.Service", "ChatBot.Service\ChatBot.Service.csproj", "{06CB4323-68D5-405E-B18C-EA6CB2464FBE}"
EndProject
Global
	GlobalSection(SolutionConfigurationPlatforms) = preSolution
		Debug|Any CPU = Debug|Any CPU
		Release|Any CPU = Release|Any CPU
	EndGlobalSection
	GlobalSection(ProjectConfigurationPlatforms) = postSolution
		{D1F67315-CA0F-45F4-B753-976CD54A08A3}.Debug|Any CPU.ActiveCfg = Debug|Any CPU
		{D1F67315-CA0F-45F4-B753-976CD54A08A3}.Debug|Any CPU.Build.0 = Debug|Any CPU
		{D1F67315-CA0F-45F4-B753-976CD54A08A3}.Release|Any CPU.ActiveCfg = Release|Any CPU
		{D1F67315-CA0F-45F4-B753-976CD54A08A3}.Release|Any CPU.Build.0 = Release|Any CPU
		{F4BEA5F9-C1B4-41FC-AC08-863EF37BD2F8}.Debug|Any CPU.ActiveCfg = Debug|Any CPU
		{F4BEA5F9-C1B4-41FC-AC08-863EF37BD2F8}.Debug|Any CPU.Build.0 = Debug|Any CPU
		{F4BEA5F9-C1B4-41FC-AC08-863EF37BD2F8}.Release|Any CPU.ActiveCfg = Release|Any CPU
		{F4BEA5F9-C1B4-41FC-AC08-863EF37BD2F8}.Release|Any CPU.Build.0 = Release|Any CPU
		{34A4C8CB-32C5-43CF-A67B-EC9E603CA30C}.Debug|Any CPU.ActiveCfg = Debug|Any CPU
		{34A4C8CB-32C5-43CF-A67B-EC9E603CA30C}.Debug|Any CPU.Build.0 = Debug|Any CPU
		{34A4C8CB-32C5-43CF-A67B-EC9E603CA30C}.Release|Any CPU.ActiveCfg = Release|Any CPU
		{34A4C8CB-32C5-43CF-A67B-EC9E603CA30C}.Release|Any CPU.Build.0 = Release|Any CPU
		{06CB4323-68D5-405E-B18C-EA6CB2464FBE}.Debug|Any CPU.ActiveCfg = Debug|Any CPU
		{06CB4323-68D5-405E-B18C-EA6CB2464FBE}.Debug|Any CPU.Build.0 = Debug|Any CPU
		{06CB4323-68D5-405E-B18C-EA6CB2464FBE}.Release|Any CPU.ActiveCfg = Release|Any CPU
		{06CB4323-68D5-405E-B18C-EA6CB2464FBE}.Release|Any CPU.Build.0 = Release|Any CPU
	EndGlobalSection
	GlobalSection(SolutionProperties) = preSolution
		HideSolutionNode = FALSE
	EndGlobalSection
	GlobalSection(ExtensibilityGlobals) = postSolution
		SolutionGuid = {4A19D5C2-8A0C-4F17-972C-EBAF9ACB1DDC}
	EndGlobalSection
EndGlobal
